
Microsoft Visual Studio Solution File, Format Version 12.00
# Visual Studio 15
VisualStudioVersion = 15.0.27703.2026
MinimumVisualStudioVersion = 10.0.40219.1
Project("{888888A0-9F3D-457C-B088-3A5042F75D52}") = "PythonApp1", "PythonApp1\PythonApp1.pyproj", "{CE993F86-B4D9-4740-9D9C-0C2177072A95}"
EndProject
Global
	GlobalSection(SolutionConfigurationPlatforms) = preSolution
		Debug|Any CPU = Debug|Any CPU
		Release|Any CPU = Release|Any CPU
	EndGlobalSection
	GlobalSection(ProjectConfigurationPlatforms) = postSolution
		{CE993F86-B4D9-4740-9D9C-0C2177072A95}.Debug|Any CPU.ActiveCfg = Debug|Any CPU
		{CE993F86-B4D9-4740-9D9C-0C2177072A95}.Release|Any CPU.ActiveCfg = Release|Any CPU
	EndGlobalSection
	GlobalSection(SolutionProperties) = preSolution
		HideSolutionNode = FALSE
	EndGlobalSection
	GlobalSection(ExtensibilityGlobals) = postSolution
		SolutionGuid = {70E50272-2DC3-4EB4-9C42-4F743139517D}
	EndGlobalSection
EndGlobal
